// !$*UTF8*$!
{
	archiveVersion = 1;
	classes = {
	};
	objectVersion = 48;
	objects = {

/* Begin PBXBuildFile section */
		0882F690EA4743AA74A3E341 /* Pods_Todoey.framework in Frameworks */ = {isa = PBXBuildFile; fileRef = 6D08933BD1FCC834269AA779 /* Pods_Todoey.framework */; };
		C001DC4B20463AFE00EB3FF3 /* Item.swift in Sources */ = {isa = PBXBuildFile; fileRef = C001DC4A20463AFE00EB3FF3 /* Item.swift */; };
		C001DC4D20463B0700EB3FF3 /* Category.swift in Sources */ = {isa = PBXBuildFile; fileRef = C001DC4C20463B0700EB3FF3 /* Category.swift */; };
		C0211E8B2027A60B007C9A1D /* AppDelegate.swift in Sources */ = {isa = PBXBuildFile; fileRef = C0211E8A2027A60B007C9A1D /* AppDelegate.swift */; };
		C0211E8D2027A60B007C9A1D /* todoListViewController.swift in Sources */ = {isa = PBXBuildFile; fileRef = C0211E8C2027A60B007C9A1D /* todoListViewController.swift */; };
		C0211E902027A60B007C9A1D /* Main.storyboard in Resources */ = {isa = PBXBuildFile; fileRef = C0211E8E2027A60B007C9A1D /* Main.storyboard */; };
		C0211E952027A60B007C9A1D /* Assets.xcassets in Resources */ = {isa = PBXBuildFile; fileRef = C0211E942027A60B007C9A1D /* Assets.xcassets */; };
		C0211E982027A60B007C9A1D /* LaunchScreen.storyboard in Resources */ = {isa = PBXBuildFile; fileRef = C0211E962027A60B007C9A1D /* LaunchScreen.storyboard */; };
		C05E35812046092300145FEC /* CategoryViewController.swift in Sources */ = {isa = PBXBuildFile; fileRef = C05E35802046092300145FEC /* CategoryViewController.swift */; };
		C0EE991E204BAE84001E13A6 /* SwipeTableViewController.swift in Sources */ = {isa = PBXBuildFile; fileRef = C0EE991D204BAE84001E13A6 /* SwipeTableViewController.swift */; };
/* End PBXBuildFile section */

/* Begin PBXFileReference section */
		6D08933BD1FCC834269AA779 /* Pods_Todoey.framework */ = {isa = PBXFileReference; explicitFileType = wrapper.framework; includeInIndex = 0; path = Pods_Todoey.framework; sourceTree = BUILT_PRODUCTS_DIR; };
		C001DC4A20463AFE00EB3FF3 /* Item.swift */ = {isa = PBXFileReference; lastKnownFileType = sourcecode.swift; path = Item.swift; sourceTree = "<group>"; };
		C001DC4C20463B0700EB3FF3 /* Category.swift */ = {isa = PBXFileReference; lastKnownFileType = sourcecode.swift; path = Category.swift; sourceTree = "<group>"; };
		C0211E872027A60B007C9A1D /* Todoey.app */ = {isa = PBXFileReference; explicitFileType = wrapper.application; includeInIndex = 0; path = Todoey.app; sourceTree = BUILT_PRODUCTS_DIR; };
		C0211E8A2027A60B007C9A1D /* AppDelegate.swift */ = {isa = PBXFileReference; lastKnownFileType = sourcecode.swift; path = AppDelegate.swift; sourceTree = "<group>"; };
		C0211E8C2027A60B007C9A1D /* todoListViewController.swift */ = {isa = PBXFileReference; lastKnownFileType = sourcecode.swift; path = todoListViewController.swift; sourceTree = "<group>"; };
		C0211E8F2027A60B007C9A1D /* Base */ = {isa = PBXFileReference; lastKnownFileType = file.storyboard; name = Base; path = Base.lproj/Main.storyboard; sourceTree = "<group>"; };
		C0211E942027A60B007C9A1D /* Assets.xcassets */ = {isa = PBXFileReference; lastKnownFileType = folder.assetcatalog; path = Assets.xcassets; sourceTree = "<group>"; };
		C0211E972027A60B007C9A1D /* Base */ = {isa = PBXFileReference; lastKnownFileType = file.storyboard; name = Base; path = Base.lproj/LaunchScreen.storyboard; sourceTree = "<group>"; };
		C0211E992027A60B007C9A1D /* Info.plist */ = {isa = PBXFileReference; lastKnownFileType = text.plist.xml; path = Info.plist; sourceTree = "<group>"; };
		C05E35802046092300145FEC /* CategoryViewController.swift */ = {isa = PBXFileReference; lastKnownFileType = sourcecode.swift; path = CategoryViewController.swift; sourceTree = "<group>"; };
		C0EE991D204BAE84001E13A6 /* SwipeTableViewController.swift */ = {isa = PBXFileReference; lastKnownFileType = sourcecode.swift; path = SwipeTableViewController.swift; sourceTree = "<group>"; };
		F08D180B157C75BBD0ED245A /* Pods-Todoey.debug.xcconfig */ = {isa = PBXFileReference; includeInIndex = 1; lastKnownFileType = text.xcconfig; name = "Pods-Todoey.debug.xcconfig"; path = "Pods/Target Support Files/Pods-Todoey/Pods-Todoey.debug.xcconfig"; sourceTree = "<group>"; };
		FFD3928E12E1BE1BE028BCD7 /* Pods-Todoey.release.xcconfig */ = {isa = PBXFileReference; includeInIndex = 1; lastKnownFileType = text.xcconfig; name = "Pods-Todoey.release.xcconfig"; path = "Pods/Target Support Files/Pods-Todoey/Pods-Todoey.release.xcconfig"; sourceTree = "<group>"; };
/* End PBXFileReference section */

/* Begin PBXFrameworksBuildPhase section */
		C0211E842027A60B007C9A1D /* Frameworks */ = {
			isa = PBXFrameworksBuildPhase;
			buildActionMask = 2147483647;
			files = (
				0882F690EA4743AA74A3E341 /* Pods_Todoey.framework in Frameworks */,
			);
			runOnlyForDeploymentPostprocessing = 0;
		};
/* End PBXFrameworksBuildPhase section */

/* Begin PBXGroup section */
		6DA921A284D2FBFF7F1084FF /* Frameworks */ = {
			isa = PBXGroup;
			children = (
				6D08933BD1FCC834269AA779 /* Pods_Todoey.framework */,
			);
			name = Frameworks;
			sourceTree = "<group>";
		};
		BDEC7F5CE752AD156F2EA40A /* Pods */ = {
			isa = PBXGroup;
			children = (
				F08D180B157C75BBD0ED245A /* Pods-Todoey.debug.xcconfig */,
				FFD3928E12E1BE1BE028BCD7 /* Pods-Todoey.release.xcconfig */,
			);
			name = Pods;
			sourceTree = "<group>";
		};
		C0211E7E2027A60B007C9A1D = {
			isa = PBXGroup;
			children = (
				C0211E892027A60B007C9A1D /* Todoey */,
				C0211E882027A60B007C9A1D /* Products */,
				BDEC7F5CE752AD156F2EA40A /* Pods */,
				6DA921A284D2FBFF7F1084FF /* Frameworks */,
			);
			sourceTree = "<group>";
		};
		C0211E882027A60B007C9A1D /* Products */ = {
			isa = PBXGroup;
			children = (
				C0211E872027A60B007C9A1D /* Todoey.app */,
			);
			name = Products;
			sourceTree = "<group>";
		};
		C0211E892027A60B007C9A1D /* Todoey */ = {
			isa = PBXGroup;
			children = (
				C0211E8A2027A60B007C9A1D /* AppDelegate.swift */,
				C0211EA22027CBE8007C9A1D /* Controllers */,
				C0211EA12027CBCB007C9A1D /* Data Model */,
				C0211EA32027CBF4007C9A1D /* Views */,
				C0211EA42027CBFE007C9A1D /* Supporting Files */,
				C0211E992027A60B007C9A1D /* Info.plist */,
			);
			path = Todoey;
			sourceTree = "<group>";
		};
		C0211EA12027CBCB007C9A1D /* Data Model */ = {
			isa = PBXGroup;
			children = (
				C001DC4A20463AFE00EB3FF3 /* Item.swift */,
				C001DC4C20463B0700EB3FF3 /* Category.swift */,
			);
			path = "Data Model";
			sourceTree = "<group>";
		};
		C0211EA22027CBE8007C9A1D /* Controllers */ = {
			isa = PBXGroup;
			children = (
				C05E35802046092300145FEC /* CategoryViewController.swift */,
				C0211E8C2027A60B007C9A1D /* todoListViewController.swift */,
				C0EE991D204BAE84001E13A6 /* SwipeTableViewController.swift */,
			);
			path = Controllers;
			sourceTree = "<group>";
		};
		C0211EA32027CBF4007C9A1D /* Views */ = {
			isa = PBXGroup;
			children = (
				C0211E8E2027A60B007C9A1D /* Main.storyboard */,
			);
			path = Views;
			sourceTree = "<group>";
		};
		C0211EA42027CBFE007C9A1D /* Supporting Files */ = {
			isa = PBXGroup;
			children = (
				C0211E942027A60B007C9A1D /* Assets.xcassets */,
				C0211E962027A60B007C9A1D /* LaunchScreen.storyboard */,
			);
			path = "Supporting Files";
			sourceTree = "<group>";
		};
/* End PBXGroup section */

/* Begin PBXNativeTarget section */
		C0211E862027A60B007C9A1D /* Todoey */ = {
			isa = PBXNativeTarget;
			buildConfigurationList = C0211E9C2027A60B007C9A1D /* Build configuration list for PBXNativeTarget "Todoey" */;
			buildPhases = (
				3FC720D748DD3D5326642C56 /* [CP] Check Pods Manifest.lock */,
				C0211E832027A60B007C9A1D /* Sources */,
				C0211E842027A60B007C9A1D /* Frameworks */,
				C0211E852027A60B007C9A1D /* Resources */,
				D2E9925E928CF89C4AAE1EB9 /* [CP] Embed Pods Frameworks */,
				FF513CEA5EC5FB375B8E0145 /* [CP] Copy Pods Resources */,
			);
			buildRules = (
			);
			dependencies = (
			);
			name = Todoey;
			productName = Todoey;
			productReference = C0211E872027A60B007C9A1D /* Todoey.app */;
			productType = "com.apple.product-type.application";
		};
/* End PBXNativeTarget section */

/* Begin PBXProject section */
		C0211E7F2027A60B007C9A1D /* Project object */ = {
			isa = PBXProject;
			attributes = {
				LastSwiftUpdateCheck = 0920;
				LastUpgradeCheck = 0920;
				ORGANIZATIONNAME = "Andy Kwong";
				TargetAttributes = {
					C0211E862027A60B007C9A1D = {
						CreatedOnToolsVersion = 9.2;
						ProvisioningStyle = Automatic;
					};
				};
			};
			buildConfigurationList = C0211E822027A60B007C9A1D /* Build configuration list for PBXProject "Todoey" */;
			compatibilityVersion = "Xcode 8.0";
			developmentRegion = en;
			hasScannedForEncodings = 0;
			knownRegions = (
				en,
				Base,
			);
			mainGroup = C0211E7E2027A60B007C9A1D;
			productRefGroup = C0211E882027A60B007C9A1D /* Products */;
			projectDirPath = "";
			projectRoot = "";
			targets = (
				C0211E862027A60B007C9A1D /* Todoey */,
			);
		};
/* End PBXProject section */

/* Begin PBXResourcesBuildPhase section */
		C0211E852027A60B007C9A1D /* Resources */ = {
			isa = PBXResourcesBuildPhase;
			buildActionMask = 2147483647;
			files = (
				C0211E982027A60B007C9A1D /* LaunchScreen.storyboard in Resources */,
				C0211E952027A60B007C9A1D /* Assets.xcassets in Resources */,
				C0211E902027A60B007C9A1D /* Main.storyboard in Resources */,
			);
			runOnlyForDeploymentPostprocessing = 0;
		};
/* End PBXResourcesBuildPhase section */

/* Begin PBXShellScriptBuildPhase section */
		3FC720D748DD3D5326642C56 /* [CP] Check Pods Manifest.lock */ = {
			isa = PBXShellScriptBuildPhase;
			buildActionMask = 2147483647;
			files = (
			);
			inputPaths = (
				"${PODS_PODFILE_DIR_PATH}/Podfile.lock",
				"${PODS_ROOT}/Manifest.lock",
			);
			name = "[CP] Check Pods Manifest.lock";
			outputPaths = (
				"$(DERIVED_FILE_DIR)/Pods-Todoey-checkManifestLockResult.txt",
			);
			runOnlyForDeploymentPostprocessing = 0;
			shellPath = /bin/sh;
			shellScript = "diff \"${PODS_PODFILE_DIR_PATH}/Podfile.lock\" \"${PODS_ROOT}/Manifest.lock\" > /dev/null\nif [ $? != 0 ] ; then\n    # print error to STDERR\n    echo \"error: The sandbox is not in sync with the Podfile.lock. Run 'pod install' or update your CocoaPods installation.\" >&2\n    exit 1\nfi\n# This output is used by Xcode 'outputs' to avoid re-running this script phase.\necho \"SUCCESS\" > \"${SCRIPT_OUTPUT_FILE_0}\"\n";
			showEnvVarsInLog = 0;
		};
		D2E9925E928CF89C4AAE1EB9 /* [CP] Embed Pods Frameworks */ = {
			isa = PBXShellScriptBuildPhase;
			buildActionMask = 2147483647;
			files = (
			);
			inputPaths = (
				"${SRCROOT}/Pods/Target Support Files/Pods-Todoey/Pods-Todoey-frameworks.sh",
				"${BUILT_PRODUCTS_DIR}/Realm/Realm.framework",
				"${BUILT_PRODUCTS_DIR}/RealmSwift/RealmSwift.framework",
				"${BUILT_PRODUCTS_DIR}/SwipeCellKit/SwipeCellKit.framework",
			);
			name = "[CP] Embed Pods Frameworks";
			outputPaths = (
				"${TARGET_BUILD_DIR}/${FRAMEWORKS_FOLDER_PATH}/Realm.framework",
				"${TARGET_BUILD_DIR}/${FRAMEWORKS_FOLDER_PATH}/RealmSwift.framework",
				"${TARGET_BUILD_DIR}/${FRAMEWORKS_FOLDER_PATH}/SwipeCellKit.framework",
			);
			runOnlyForDeploymentPostprocessing = 0;
			shellPath = /bin/sh;
			shellScript = "\"${SRCROOT}/Pods/Target Support Files/Pods-Todoey/Pods-Todoey-frameworks.sh\"\n";
			showEnvVarsInLog = 0;
		};
		FF513CEA5EC5FB375B8E0145 /* [CP] Copy Pods Resources */ = {
			isa = PBXShellScriptBuildPhase;
			buildActionMask = 2147483647;
			files = (
			);
			inputPaths = (
			);
			name = "[CP] Copy Pods Resources";
			outputPaths = (
			);
			runOnlyForDeploymentPostprocessing = 0;
			shellPath = /bin/sh;
			shellScript = "\"${SRCROOT}/Pods/Target Support Files/Pods-Todoey/Pods-Todoey-resources.sh\"\n";
			showEnvVarsInLog = 0;
		};
/* End PBXShellScriptBuildPhase section */

/* Begin PBXSourcesBuildPhase section */
		C0211E832027A60B007C9A1D /* Sources */ = {
			isa = PBXSourcesBuildPhase;
			buildActionMask = 2147483647;
			files = (
				C001DC4B20463AFE00EB3FF3 /* Item.swift in Sources */,
				C05E35812046092300145FEC /* CategoryViewController.swift in Sources */,
				C0211E8D2027A60B007C9A1D /* todoListViewController.swift in Sources */,
				C0211E8B2027A60B007C9A1D /* AppDelegate.swift in Sources */,
				C0EE991E204BAE84001E13A6 /* SwipeTableViewController.swift in Sources */,
				C001DC4D20463B0700EB3FF3 /* Category.swift in Sources */,
			);
			runOnlyForDeploymentPostprocessing = 0;
		};
/* End PBXSourcesBuildPhase section */

/* Begin PBXVariantGroup section */
		C0211E8E2027A60B007C9A1D /* Main.storyboard */ = {
			isa = PBXVariantGroup;
			children = (
				C0211E8F2027A60B007C9A1D /* Base */,
			);
			name = Main.storyboard;
			sourceTree = "<group>";
		};
		C0211E962027A60B007C9A1D /* LaunchScreen.storyboard */ = {
			isa = PBXVariantGroup;
			children = (
				C0211E972027A60B007C9A1D /* Base */,
			);
			name = LaunchScreen.storyboard;
			sourceTree = "<group>";
		};
/* End PBXVariantGroup section */

/* Begin XCBuildConfiguration section */
		C0211E9A2027A60B007C9A1D /* Debug */ = {
			isa = XCBuildConfiguration;
			buildSettings = {
				ALWAYS_SEARCH_USER_PATHS = NO;
				CLANG_ANALYZER_NONNULL = YES;
				CLANG_ANALYZER_NUMBER_OBJECT_CONVERSION = YES_AGGRESSIVE;
				CLANG_CXX_LANGUAGE_STANDARD = "gnu++14";
				CLANG_CXX_LIBRARY = "libc++";
				CLANG_ENABLE_MODULES = YES;
				CLANG_ENABLE_OBJC_ARC = YES;
				CLANG_WARN_BLOCK_CAPTURE_AUTORELEASING = YES;
				CLANG_WARN_BOOL_CONVERSION = YES;
				CLANG_WARN_COMMA = YES;
				CLANG_WARN_CONSTANT_CONVERSION = YES;
				CLANG_WARN_DIRECT_OBJC_ISA_USAGE = YES_ERROR;
				CLANG_WARN_DOCUMENTATION_COMMENTS = YES;
				CLANG_WARN_EMPTY_BODY = YES;
				CLANG_WARN_ENUM_CONVERSION = YES;
				CLANG_WARN_INFINITE_RECURSION = YES;
				CLANG_WARN_INT_CONVERSION = YES;
				CLANG_WARN_NON_LITERAL_NULL_CONVERSION = YES;
				CLANG_WARN_OBJC_LITERAL_CONVERSION = YES;
				CLANG_WARN_OBJC_ROOT_CLASS = YES_ERROR;
				CLANG_WARN_RANGE_LOOP_ANALYSIS = YES;
				CLANG_WARN_STRICT_PROTOTYPES = YES;
				CLANG_WARN_SUSPICIOUS_MOVE = YES;
				CLANG_WARN_UNGUARDED_AVAILABILITY = YES_AGGRESSIVE;
				CLANG_WARN_UNREACHABLE_CODE = YES;
				CLANG_WARN__DUPLICATE_METHOD_MATCH = YES;
				CODE_SIGN_IDENTITY = "iPhone Developer";
				COPY_PHASE_STRIP = NO;
				DEBUG_INFORMATION_FORMAT = dwarf;
				ENABLE_STRICT_OBJC_MSGSEND = YES;
				ENABLE_TESTABILITY = YES;
				GCC_C_LANGUAGE_STANDARD = gnu11;
				GCC_DYNAMIC_NO_PIC = NO;
				GCC_NO_COMMON_BLOCKS = YES;
				GCC_OPTIMIZATION_LEVEL = 0;
				GCC_PREPROCESSOR_DEFINITIONS = (
					"DEBUG=1",
					"$(inherited)",
				);
				GCC_WARN_64_TO_32_BIT_CONVERSION = YES;
				GCC_WARN_ABOUT_RETURN_TYPE = YES_ERROR;
				GCC_WARN_UNDECLARED_SELECTOR = YES;
				GCC_WARN_UNINITIALIZED_AUTOS = YES_AGGRESSIVE;
				GCC_WARN_UNUSED_FUNCTION = YES;
				GCC_WARN_UNUSED_VARIABLE = YES;
				IPHONEOS_DEPLOYMENT_TARGET = 11.2;
				MTL_ENABLE_DEBUG_INFO = YES;
				ONLY_ACTIVE_ARCH = YES;
				SDKROOT = iphoneos;
				SWIFT_ACTIVE_COMPILATION_CONDITIONS = DEBUG;
				SWIFT_OPTIMIZATION_LEVEL = "-Onone";
			};
			name = Debug;
		};
		C0211E9B2027A60B007C9A1D /* Release */ = {
			isa = XCBuildConfiguration;
			buildSettings = {
				ALWAYS_SEARCH_USER_PATHS = NO;
				CLANG_ANALYZER_NONNULL = YES;
				CLANG_ANALYZER_NUMBER_OBJECT_CONVERSION = YES_AGGRESSIVE;
				CLANG_CXX_LANGUAGE_STANDARD = "gnu++14";
				CLANG_CXX_LIBRARY = "libc++";
				CLANG_ENABLE_MODULES = YES;
				CLANG_ENABLE_OBJC_ARC = YES;
				CLANG_WARN_BLOCK_CAPTURE_AUTORELEASING = YES;
				CLANG_WARN_BOOL_CONVERSION = YES;
				CLANG_WARN_COMMA = YES;
				CLANG_WARN_CONSTANT_CONVERSION = YES;
				CLANG_WARN_DIRECT_OBJC_ISA_USAGE = YES_ERROR;
				CLANG_WARN_DOCUMENTATION_COMMENTS = YES;
				CLANG_WARN_EMPTY_BODY = YES;
				CLANG_WARN_ENUM_CONVERSION = YES;
				CLANG_WARN_INFINITE_RECURSION = YES;
				CLANG_WARN_INT_CONVERSION = YES;
				CLANG_WARN_NON_LITERAL_NULL_CONVERSION = YES;
				CLANG_WARN_OBJC_LITERAL_CONVERSION = YES;
				CLANG_WARN_OBJC_ROOT_CLASS = YES_ERROR;
				CLANG_WARN_RANGE_LOOP_ANALYSIS = YES;
				CLANG_WARN_STRICT_PROTOTYPES = YES;
				CLANG_WARN_SUSPICIOUS_MOVE = YES;
				CLANG_WARN_UNGUARDED_AVAILABILITY = YES_AGGRESSIVE;
				CLANG_WARN_UNREACHABLE_CODE = YES;
				CLANG_WARN__DUPLICATE_METHOD_MATCH = YES;
				CODE_SIGN_IDENTITY = "iPhone Developer";
				COPY_PHASE_STRIP = NO;
				DEBUG_INFORMATION_FORMAT = "dwarf-with-dsym";
				ENABLE_NS_ASSERTIONS = NO;
				ENABLE_STRICT_OBJC_MSGSEND = YES;
				GCC_C_LANGUAGE_STANDARD = gnu11;
				GCC_NO_COMMON_BLOCKS = YES;
				GCC_WARN_64_TO_32_BIT_CONVERSION = YES;
				GCC_WARN_ABOUT_RETURN_TYPE = YES_ERROR;
				GCC_WARN_UNDECLARED_SELECTOR = YES;
				GCC_WARN_UNINITIALIZED_AUTOS = YES_AGGRESSIVE;
				GCC_WARN_UNUSED_FUNCTION = YES;
				GCC_WARN_UNUSED_VARIABLE = YES;
				IPHONEOS_DEPLOYMENT_TARGET = 11.2;
				MTL_ENABLE_DEBUG_INFO = NO;
				SDKROOT = iphoneos;
				SWIFT_OPTIMIZATION_LEVEL = "-Owholemodule";
				VALIDATE_PRODUCT = YES;
			};
			name = Release;
		};
		C0211E9D2027A60B007C9A1D /* Debug */ = {
			isa = XCBuildConfiguration;
			baseConfigurationReference = F08D180B157C75BBD0ED245A /* Pods-Todoey.debug.xcconfig */;
			buildSettings = {
				ASSETCATALOG_COMPILER_APPICON_NAME = AppIcon;
				CODE_SIGN_STYLE = Automatic;
				DEVELOPMENT_TEAM = GZGUE69R79;
				INFOPLIST_FILE = Todoey/Info.plist;
				LD_RUNPATH_SEARCH_PATHS = "$(inherited) @executable_path/Frameworks";
				PRODUCT_BUNDLE_IDENTIFIER = ly.trailwise.Todoey;
				PRODUCT_NAME = "$(TARGET_NAME)";
				SWIFT_VERSION = 4.0;
				TARGETED_DEVICE_FAMILY = "1,2";
			};
			name = Debug;
		};
		C0211E9E2027A60B007C9A1D /* Release */ = {
			isa = XCBuildConfiguration;
			baseConfigurationReference = FFD3928E12E1BE1BE028BCD7 /* Pods-Todoey.release.xcconfig */;
			buildSettings = {
				ASSETCATALOG_COMPILER_APPICON_NAME = AppIcon;
				CODE_SIGN_STYLE = Automatic;
				DEVELOPMENT_TEAM = GZGUE69R79;
				INFOPLIST_FILE = Todoey/Info.plist;
				LD_RUNPATH_SEARCH_PATHS = "$(inherited) @executable_path/Frameworks";
				PRODUCT_BUNDLE_IDENTIFIER = ly.trailwise.Todoey;
				PRODUCT_NAME = "$(TARGET_NAME)";
				SWIFT_VERSION = 4.0;
				TARGETED_DEVICE_FAMILY = "1,2";
			};
			name = Release;
		};
/* End XCBuildConfiguration section */

/* Begin XCConfigurationList section */
		C0211E822027A60B007C9A1D /* Build configuration list for PBXProject "Todoey" */ = {
			isa = XCConfigurationList;
			buildConfigurations = (
				C0211E9A2027A60B007C9A1D /* Debug */,
				C0211E9B2027A60B007C9A1D /* Release */,
			);
			defaultConfigurationIsVisible = 0;
			defaultConfigurationName = Release;
		};
		C0211E9C2027A60B007C9A1D /* Build configuration list for PBXNativeTarget "Todoey" */ = {
			isa = XCConfigurationList;
			buildConfigurations = (
				C0211E9D2027A60B007C9A1D /* Debug */,
				C0211E9E2027A60B007C9A1D /* Release */,
			);
			defaultConfigurationIsVisible = 0;
			defaultConfigurationName = Release;
		};
/* End XCConfigurationList section */
	};
	rootObject = C0211E7F2027A60B007C9A1D /* Project object */;
}
